<?xml version="1.0" encoding="utf-8"?>
<Project ToolsVersion="4.0" xmlns="http://schemas.microsoft.com/developer/msbuild/2003">
  <ItemGroup>
    <ClCompile Include="layers_dllp_unittest.cpp" />
    <ClCompile Include="checkGateEquation_unittest.cpp" />
    <ClCompile Include="completion_construction_algorithms.cpp" />
    <ClCompile Include="configuration_controller_unittest.cpp" />
    <ClCompile Include="configuration_space_unittest.cpp" />
    <ClCompile Include="dllp_unittest.cpp" />
    <ClCompile Include="layers_datalink_unittest.cpp" />
    <ClCompile Include="layers_sendPayloadFlit_unitests.cpp" />
    <ClCompile Include="pcie_capability_structure_unittest.cpp" />
    <ClCompile Include="receiveNOPFlit_unittest.cpp" />
    <ClCompile Include="layers_tlp_unittest.cpp" />
    <ClCompile Include="sendNOPFlit_unittest.cpp" />
    <ClCompile Include="test.cpp" />
    <ClCompile Include="pch.cpp" />
    <ClCompile Include="type1_config_unittest.cpp" />
    <ClCompile Include="layers_receivePayloadFlit_unittests.cpp" />
    <ClCompile Include="handle_memory_read_unit_test.cpp" />
    <ClCompile Include="prepareFlit_unittest.cpp" />
  </ItemGroup>
  <ItemGroup>
    <ClInclude Include="pch.h" />
  </ItemGroup>
  <ItemGroup>
    <None Include="packages.config" />
  </ItemGroup>
</Project>